<Solution>
  <Folder Name="/Data/">
    <Project Path="Tempestas.Data.Models/Tempestas.Data.Models.csproj" Id="e5fecb77-cc4c-4aa3-9b88-c13f333d601a" />
    <Project Path="Tempestas.Data/Tempestas.Data.csproj" Id="ed267f11-013f-4d72-935b-60c2b0e46551" />
  </Folder>
  <Project Path="Tempestas.API/Tempestas.API.csproj" />
</Solution>
