<Solution>
  <Project Path="Tempestas.API/Tempestas.API.csproj" />
<<<<<<< Updated upstream
  <Project Path="Tempestas.Services.Core/Tempestas.Services.Core.csproj" Id="2ad85778-0efb-41e9-a3fb-b9e3e09753cf" />
=======
  <Project Path="Tempestas.MainData/Tempestas.MainData.csproj" Id="6c79c0bd-b093-4130-86df-3f06f8f3c766" />
>>>>>>> Stashed changes
</Solution>
